
Microsoft Visual Studio Solution File, Format Version 12.00
# Visual Studio 14
VisualStudioVersion = 14.0.25420.1
MinimumVisualStudioVersion = 10.0.40219.1
Project("{FAE04EC0-301F-11D3-BF4B-00C04F79EFBC}") = "EFValidationProject1", "EFValidationProject1\EFValidationProject1.csproj", "{32A555F1-C3B7-4EBE-85F1-973EA4007422}"
EndProject
Project("{FAE04EC0-301F-11D3-BF4B-00C04F79EFBC}") = "Net.FreeORM.EFValidation", "Net.FreeORM.EFValidation\Net.FreeORM.EFValidation.csproj", "{869EAABD-3B00-40D6-B941-8E10A43346DD}"
EndProject
Global
	GlobalSection(SolutionConfigurationPlatforms) = preSolution
		Debug|Any CPU = Debug|Any CPU
		Release|Any CPU = Release|Any CPU
	EndGlobalSection
	GlobalSection(ProjectConfigurationPlatforms) = postSolution
		{32A555F1-C3B7-4EBE-85F1-973EA4007422}.Debug|Any CPU.ActiveCfg = Debug|Any CPU
		{32A555F1-C3B7-4EBE-85F1-973EA4007422}.Debug|Any CPU.Build.0 = Debug|Any CPU
		{32A555F1-C3B7-4EBE-85F1-973EA4007422}.Release|Any CPU.ActiveCfg = Release|Any CPU
		{32A555F1-C3B7-4EBE-85F1-973EA4007422}.Release|Any CPU.Build.0 = Release|Any CPU
		{869EAABD-3B00-40D6-B941-8E10A43346DD}.Debug|Any CPU.ActiveCfg = Debug|Any CPU
		{869EAABD-3B00-40D6-B941-8E10A43346DD}.Debug|Any CPU.Build.0 = Debug|Any CPU
		{869EAABD-3B00-40D6-B941-8E10A43346DD}.Release|Any CPU.ActiveCfg = Release|Any CPU
		{869EAABD-3B00-40D6-B941-8E10A43346DD}.Release|Any CPU.Build.0 = Release|Any CPU
	EndGlobalSection
	GlobalSection(SolutionProperties) = preSolution
		HideSolutionNode = FALSE
	EndGlobalSection
EndGlobal
